// !$*UTF8*$!
{
	archiveVersion = 1;
	classes = {
	};
	objectVersion = 48;
	objects = {

/* Begin PBXBuildFile section */
		C32121A5FC58F2AE2C790EB1 /* Pods_HG_DUZB.framework in Frameworks */ = {isa = PBXBuildFile; fileRef = 5F02EF4E83A5B925F264957F /* Pods_HG_DUZB.framework */; };
		FA3732391FF5285E00BB2ACC /* HGRecommentViewModel.swift in Sources */ = {isa = PBXBuildFile; fileRef = FA3732381FF5285E00BB2ACC /* HGRecommentViewModel.swift */; };
		FA37323B1FF52CE400BB2ACC /* NSDate+Extension.swift in Sources */ = {isa = PBXBuildFile; fileRef = FA37323A1FF52CE400BB2ACC /* NSDate+Extension.swift */; };
		FA37323D1FF5311700BB2ACC /* HGAnchorGroup.swift in Sources */ = {isa = PBXBuildFile; fileRef = FA37323C1FF5311700BB2ACC /* HGAnchorGroup.swift */; };
		FA37323F1FF5E82200BB2ACC /* HGAnchorModel.swift in Sources */ = {isa = PBXBuildFile; fileRef = FA37323E1FF5E82200BB2ACC /* HGAnchorModel.swift */; };
		FA7B35501FEB3A91007A946F /* HGNavigationController.swift in Sources */ = {isa = PBXBuildFile; fileRef = FA7B354E1FEB3A91007A946F /* HGNavigationController.swift */; };
		FA7B35511FEB3A91007A946F /* HGTabBarController.swift in Sources */ = {isa = PBXBuildFile; fileRef = FA7B354F1FEB3A91007A946F /* HGTabBarController.swift */; };
		FA7B35561FEB3B23007A946F /* HGHomeController.swift in Sources */ = {isa = PBXBuildFile; fileRef = FA7B35551FEB3B23007A946F /* HGHomeController.swift */; };
		FA7B355B1FEB3B35007A946F /* HGLiveController.swift in Sources */ = {isa = PBXBuildFile; fileRef = FA7B35581FEB3B35007A946F /* HGLiveController.swift */; };
		FA7B356A1FEB3B5C007A946F /* HGFollowController.swift in Sources */ = {isa = PBXBuildFile; fileRef = FA7B35691FEB3B5C007A946F /* HGFollowController.swift */; };
		FA7B356C1FEB3BF5007A946F /* HGProfileController.swift in Sources */ = {isa = PBXBuildFile; fileRef = FA7B356B1FEB3BF5007A946F /* HGProfileController.swift */; };
		FA7B356F1FEB43B8007A946F /* UIBarButtonItem+Extension.swift in Sources */ = {isa = PBXBuildFile; fileRef = FA7B356E1FEB43B8007A946F /* UIBarButtonItem+Extension.swift */; };
		FA7B35711FEB49B0007A946F /* HGPageTitleView.swift in Sources */ = {isa = PBXBuildFile; fileRef = FA7B35701FEB49B0007A946F /* HGPageTitleView.swift */; };
		FA7B35731FEB4B98007A946F /* Common.swift in Sources */ = {isa = PBXBuildFile; fileRef = FA7B35721FEB4B98007A946F /* Common.swift */; };
		FA860A0A1FF3274400E1EB45 /* HGRecommendController.swift in Sources */ = {isa = PBXBuildFile; fileRef = FA860A091FF3274400E1EB45 /* HGRecommendController.swift */; };
		FA860A0D1FF3777500E1EB45 /* HGCollectionHeaderView.swift in Sources */ = {isa = PBXBuildFile; fileRef = FA860A0B1FF3777500E1EB45 /* HGCollectionHeaderView.swift */; };
		FA860A0E1FF3777500E1EB45 /* HGCollectionHeaderView.xib in Resources */ = {isa = PBXBuildFile; fileRef = FA860A0C1FF3777500E1EB45 /* HGCollectionHeaderView.xib */; };
		FA860A111FF37D5700E1EB45 /* HGCollectionNormalCell.swift in Sources */ = {isa = PBXBuildFile; fileRef = FA860A0F1FF37D5700E1EB45 /* HGCollectionNormalCell.swift */; };
		FA860A121FF37D5700E1EB45 /* HGCollectionNormalCell.xib in Resources */ = {isa = PBXBuildFile; fileRef = FA860A101FF37D5700E1EB45 /* HGCollectionNormalCell.xib */; };
		FA860A151FF4825600E1EB45 /* HGPrettyCell.swift in Sources */ = {isa = PBXBuildFile; fileRef = FA860A131FF4825600E1EB45 /* HGPrettyCell.swift */; };
		FA860A161FF4825600E1EB45 /* HGPrettyCell.xib in Resources */ = {isa = PBXBuildFile; fileRef = FA860A141FF4825600E1EB45 /* HGPrettyCell.xib */; };
		FA860A381FF5216800E1EB45 /* HGNetworkTools.swift in Sources */ = {isa = PBXBuildFile; fileRef = FA860A371FF5216700E1EB45 /* HGNetworkTools.swift */; };
		FAB5104B1FEC8AF700E8CB83 /* HGPageContentView.swift in Sources */ = {isa = PBXBuildFile; fileRef = FAB5104A1FEC8AF700E8CB83 /* HGPageContentView.swift */; };
		FAB5104D1FEC8E3C00E8CB83 /* UIColor+Extension.swift in Sources */ = {isa = PBXBuildFile; fileRef = FAB5104C1FEC8E3C00E8CB83 /* UIColor+Extension.swift */; };
		FAD7AD5A1FFC7FCE0010DFE1 /* HGBaseCell.swift in Sources */ = {isa = PBXBuildFile; fileRef = FAD7AD591FFC7FCE0010DFE1 /* HGBaseCell.swift */; };
		FAFD95821FE1521D00F0BBD9 /* AppDelegate.swift in Sources */ = {isa = PBXBuildFile; fileRef = FAFD95811FE1521D00F0BBD9 /* AppDelegate.swift */; };
		FAFD95891FE1521D00F0BBD9 /* Assets.xcassets in Resources */ = {isa = PBXBuildFile; fileRef = FAFD95881FE1521D00F0BBD9 /* Assets.xcassets */; };
		FAFD958C1FE1521D00F0BBD9 /* LaunchScreen.storyboard in Resources */ = {isa = PBXBuildFile; fileRef = FAFD958A1FE1521D00F0BBD9 /* LaunchScreen.storyboard */; };
/* End PBXBuildFile section */

/* Begin PBXFileReference section */
		113C151600EB814B43212012 /* Pods-HG_DUZB.debug.xcconfig */ = {isa = PBXFileReference; includeInIndex = 1; lastKnownFileType = text.xcconfig; name = "Pods-HG_DUZB.debug.xcconfig"; path = "Pods/Target Support Files/Pods-HG_DUZB/Pods-HG_DUZB.debug.xcconfig"; sourceTree = "<group>"; };
		5F02EF4E83A5B925F264957F /* Pods_HG_DUZB.framework */ = {isa = PBXFileReference; explicitFileType = wrapper.framework; includeInIndex = 0; path = Pods_HG_DUZB.framework; sourceTree = BUILT_PRODUCTS_DIR; };
		78944910BAC0FF03F95ED7D8 /* Pods-HG_DUZB.release.xcconfig */ = {isa = PBXFileReference; includeInIndex = 1; lastKnownFileType = text.xcconfig; name = "Pods-HG_DUZB.release.xcconfig"; path = "Pods/Target Support Files/Pods-HG_DUZB/Pods-HG_DUZB.release.xcconfig"; sourceTree = "<group>"; };
		FA3732381FF5285E00BB2ACC /* HGRecommentViewModel.swift */ = {isa = PBXFileReference; lastKnownFileType = sourcecode.swift; path = HGRecommentViewModel.swift; sourceTree = "<group>"; };
		FA37323A1FF52CE400BB2ACC /* NSDate+Extension.swift */ = {isa = PBXFileReference; lastKnownFileType = sourcecode.swift; path = "NSDate+Extension.swift"; sourceTree = "<group>"; };
		FA37323C1FF5311700BB2ACC /* HGAnchorGroup.swift */ = {isa = PBXFileReference; lastKnownFileType = sourcecode.swift; path = HGAnchorGroup.swift; sourceTree = "<group>"; };
		FA37323E1FF5E82200BB2ACC /* HGAnchorModel.swift */ = {isa = PBXFileReference; lastKnownFileType = sourcecode.swift; path = HGAnchorModel.swift; sourceTree = "<group>"; };
		FA7B354E1FEB3A91007A946F /* HGNavigationController.swift */ = {isa = PBXFileReference; fileEncoding = 4; lastKnownFileType = sourcecode.swift; path = HGNavigationController.swift; sourceTree = "<group>"; };
		FA7B354F1FEB3A91007A946F /* HGTabBarController.swift */ = {isa = PBXFileReference; fileEncoding = 4; lastKnownFileType = sourcecode.swift; path = HGTabBarController.swift; sourceTree = "<group>"; };
		FA7B35551FEB3B23007A946F /* HGHomeController.swift */ = {isa = PBXFileReference; fileEncoding = 4; lastKnownFileType = sourcecode.swift; path = HGHomeController.swift; sourceTree = "<group>"; };
		FA7B35581FEB3B35007A946F /* HGLiveController.swift */ = {isa = PBXFileReference; fileEncoding = 4; lastKnownFileType = sourcecode.swift; path = HGLiveController.swift; sourceTree = "<group>"; };
		FA7B35691FEB3B5C007A946F /* HGFollowController.swift */ = {isa = PBXFileReference; fileEncoding = 4; lastKnownFileType = sourcecode.swift; path = HGFollowController.swift; sourceTree = "<group>"; };
		FA7B356B1FEB3BF5007A946F /* HGProfileController.swift */ = {isa = PBXFileReference; fileEncoding = 4; lastKnownFileType = sourcecode.swift; path = HGProfileController.swift; sourceTree = "<group>"; };
		FA7B356E1FEB43B8007A946F /* UIBarButtonItem+Extension.swift */ = {isa = PBXFileReference; lastKnownFileType = sourcecode.swift; path = "UIBarButtonItem+Extension.swift"; sourceTree = "<group>"; };
		FA7B35701FEB49B0007A946F /* HGPageTitleView.swift */ = {isa = PBXFileReference; lastKnownFileType = sourcecode.swift; path = HGPageTitleView.swift; sourceTree = "<group>"; };
		FA7B35721FEB4B98007A946F /* Common.swift */ = {isa = PBXFileReference; lastKnownFileType = sourcecode.swift; path = Common.swift; sourceTree = "<group>"; };
		FA860A091FF3274400E1EB45 /* HGRecommendController.swift */ = {isa = PBXFileReference; lastKnownFileType = sourcecode.swift; path = HGRecommendController.swift; sourceTree = "<group>"; };
		FA860A0B1FF3777500E1EB45 /* HGCollectionHeaderView.swift */ = {isa = PBXFileReference; lastKnownFileType = sourcecode.swift; path = HGCollectionHeaderView.swift; sourceTree = "<group>"; };
		FA860A0C1FF3777500E1EB45 /* HGCollectionHeaderView.xib */ = {isa = PBXFileReference; lastKnownFileType = file.xib; path = HGCollectionHeaderView.xib; sourceTree = "<group>"; };
		FA860A0F1FF37D5700E1EB45 /* HGCollectionNormalCell.swift */ = {isa = PBXFileReference; lastKnownFileType = sourcecode.swift; path = HGCollectionNormalCell.swift; sourceTree = "<group>"; };
		FA860A101FF37D5700E1EB45 /* HGCollectionNormalCell.xib */ = {isa = PBXFileReference; lastKnownFileType = file.xib; path = HGCollectionNormalCell.xib; sourceTree = "<group>"; };
		FA860A131FF4825600E1EB45 /* HGPrettyCell.swift */ = {isa = PBXFileReference; lastKnownFileType = sourcecode.swift; path = HGPrettyCell.swift; sourceTree = "<group>"; };
		FA860A141FF4825600E1EB45 /* HGPrettyCell.xib */ = {isa = PBXFileReference; lastKnownFileType = file.xib; path = HGPrettyCell.xib; sourceTree = "<group>"; };
		FA860A371FF5216700E1EB45 /* HGNetworkTools.swift */ = {isa = PBXFileReference; fileEncoding = 4; lastKnownFileType = sourcecode.swift; path = HGNetworkTools.swift; sourceTree = "<group>"; };
		FAB5104A1FEC8AF700E8CB83 /* HGPageContentView.swift */ = {isa = PBXFileReference; lastKnownFileType = sourcecode.swift; path = HGPageContentView.swift; sourceTree = "<group>"; };
		FAB5104C1FEC8E3C00E8CB83 /* UIColor+Extension.swift */ = {isa = PBXFileReference; lastKnownFileType = sourcecode.swift; path = "UIColor+Extension.swift"; sourceTree = "<group>"; };
		FAD7AD591FFC7FCE0010DFE1 /* HGBaseCell.swift */ = {isa = PBXFileReference; lastKnownFileType = sourcecode.swift; path = HGBaseCell.swift; sourceTree = "<group>"; };
		FAFD957E1FE1521D00F0BBD9 /* HG_DUZB.app */ = {isa = PBXFileReference; explicitFileType = wrapper.application; includeInIndex = 0; path = HG_DUZB.app; sourceTree = BUILT_PRODUCTS_DIR; };
		FAFD95811FE1521D00F0BBD9 /* AppDelegate.swift */ = {isa = PBXFileReference; lastKnownFileType = sourcecode.swift; path = AppDelegate.swift; sourceTree = "<group>"; };
		FAFD95881FE1521D00F0BBD9 /* Assets.xcassets */ = {isa = PBXFileReference; lastKnownFileType = folder.assetcatalog; path = Assets.xcassets; sourceTree = "<group>"; };
		FAFD958B1FE1521D00F0BBD9 /* Base */ = {isa = PBXFileReference; lastKnownFileType = file.storyboard; name = Base; path = Base.lproj/LaunchScreen.storyboard; sourceTree = "<group>"; };
		FAFD958D1FE1521D00F0BBD9 /* Info.plist */ = {isa = PBXFileReference; lastKnownFileType = text.plist.xml; path = Info.plist; sourceTree = "<group>"; };
/* End PBXFileReference section */

/* Begin PBXFrameworksBuildPhase section */
		FAFD957B1FE1521D00F0BBD9 /* Frameworks */ = {
			isa = PBXFrameworksBuildPhase;
			buildActionMask = 2147483647;
			files = (
				C32121A5FC58F2AE2C790EB1 /* Pods_HG_DUZB.framework in Frameworks */,
			);
			runOnlyForDeploymentPostprocessing = 0;
		};
/* End PBXFrameworksBuildPhase section */

/* Begin PBXGroup section */
		22A36C0FA4D100A0D24B926D /* Pods */ = {
			isa = PBXGroup;
			children = (
				113C151600EB814B43212012 /* Pods-HG_DUZB.debug.xcconfig */,
				78944910BAC0FF03F95ED7D8 /* Pods-HG_DUZB.release.xcconfig */,
			);
			name = Pods;
			sourceTree = "<group>";
		};
		A142D7121AB582D88E514C47 /* Frameworks */ = {
			isa = PBXGroup;
			children = (
				5F02EF4E83A5B925F264957F /* Pods_HG_DUZB.framework */,
			);
			name = Frameworks;
			sourceTree = "<group>";
		};
		FA3732371FF5282D00BB2ACC /* ViewModel */ = {
			isa = PBXGroup;
			children = (
				FA3732381FF5285E00BB2ACC /* HGRecommentViewModel.swift */,
			);
			path = ViewModel;
			sourceTree = "<group>";
		};
		FA7B354B1FEB3A90007A946F /* View */ = {
			isa = PBXGroup;
			children = (
				FA7B35701FEB49B0007A946F /* HGPageTitleView.swift */,
				FAB5104A1FEC8AF700E8CB83 /* HGPageContentView.swift */,
				FA860A0F1FF37D5700E1EB45 /* HGCollectionNormalCell.swift */,
				FA860A101FF37D5700E1EB45 /* HGCollectionNormalCell.xib */,
				FA860A131FF4825600E1EB45 /* HGPrettyCell.swift */,
				FA860A141FF4825600E1EB45 /* HGPrettyCell.xib */,
				FAD7AD591FFC7FCE0010DFE1 /* HGBaseCell.swift */,
			);
			path = View;
			sourceTree = "<group>";
		};
		FA7B354C1FEB3A90007A946F /* Model */ = {
			isa = PBXGroup;
			children = (
				FA37323C1FF5311700BB2ACC /* HGAnchorGroup.swift */,
				FA37323E1FF5E82200BB2ACC /* HGAnchorModel.swift */,
			);
			path = Model;
			sourceTree = "<group>";
		};
		FA7B354D1FEB3A91007A946F /* Controller */ = {
			isa = PBXGroup;
			children = (
				FA7B354E1FEB3A91007A946F /* HGNavigationController.swift */,
				FA7B354F1FEB3A91007A946F /* HGTabBarController.swift */,
			);
			path = Controller;
			sourceTree = "<group>";
		};
		FA7B35521FEB3AB9007A946F /* Controller */ = {
			isa = PBXGroup;
			children = (
				FA7B35551FEB3B23007A946F /* HGHomeController.swift */,
				FA860A091FF3274400E1EB45 /* HGRecommendController.swift */,
			);
			path = Controller;
			sourceTree = "<group>";
		};
		FA7B35531FEB3AB9007A946F /* View */ = {
			isa = PBXGroup;
			children = (
				FA860A0B1FF3777500E1EB45 /* HGCollectionHeaderView.swift */,
				FA860A0C1FF3777500E1EB45 /* HGCollectionHeaderView.xib */,
			);
			path = View;
			sourceTree = "<group>";
		};
		FA7B35541FEB3AB9007A946F /* Model */ = {
			isa = PBXGroup;
			children = (
			);
			path = Model;
			sourceTree = "<group>";
		};
		FA7B35571FEB3B35007A946F /* Controller */ = {
			isa = PBXGroup;
			children = (
				FA7B35581FEB3B35007A946F /* HGLiveController.swift */,
			);
			path = Controller;
			sourceTree = "<group>";
		};
		FA7B35591FEB3B35007A946F /* Model */ = {
			isa = PBXGroup;
			children = (
			);
			path = Model;
			sourceTree = "<group>";
		};
		FA7B355A1FEB3B35007A946F /* View */ = {
			isa = PBXGroup;
			children = (
			);
			path = View;
			sourceTree = "<group>";
		};
		FA7B35611FEB3B4F007A946F /* Controller */ = {
			isa = PBXGroup;
			children = (
				FA7B356B1FEB3BF5007A946F /* HGProfileController.swift */,
			);
			path = Controller;
			sourceTree = "<group>";
		};
		FA7B35631FEB3B4F007A946F /* Model */ = {
			isa = PBXGroup;
			children = (
			);
			path = Model;
			sourceTree = "<group>";
		};
		FA7B35641FEB3B4F007A946F /* View */ = {
			isa = PBXGroup;
			children = (
			);
			path = View;
			sourceTree = "<group>";
		};
		FA7B35661FEB3B5C007A946F /* View */ = {
			isa = PBXGroup;
			children = (
			);
			path = View;
			sourceTree = "<group>";
		};
		FA7B35671FEB3B5C007A946F /* Model */ = {
			isa = PBXGroup;
			children = (
			);
			path = Model;
			sourceTree = "<group>";
		};
		FA7B35681FEB3B5C007A946F /* Controller */ = {
			isa = PBXGroup;
			children = (
				FA7B35691FEB3B5C007A946F /* HGFollowController.swift */,
			);
			path = Controller;
			sourceTree = "<group>";
		};
		FA7B356D1FEB435A007A946F /* Extension */ = {
			isa = PBXGroup;
			children = (
				FA7B356E1FEB43B8007A946F /* UIBarButtonItem+Extension.swift */,
				FAB5104C1FEC8E3C00E8CB83 /* UIColor+Extension.swift */,
				FA37323A1FF52CE400BB2ACC /* NSDate+Extension.swift */,
			);
			path = Extension;
			sourceTree = "<group>";
		};
		FA7F98131FE948850055B157 /* Classes */ = {
			isa = PBXGroup;
			children = (
				FA7F98191FE948850055B157 /* Main */,
				FA7F98141FE948850055B157 /* Home */,
				FA7F98181FE948850055B157 /* Live */,
				FA7F98161FE948850055B157 /* Follow */,
				FA7F98171FE948850055B157 /* Profile */,
				FA7F98151FE948850055B157 /* Tools */,
			);
			path = Classes;
			sourceTree = "<group>";
		};
		FA7F98141FE948850055B157 /* Home */ = {
			isa = PBXGroup;
			children = (
				FA3732371FF5282D00BB2ACC /* ViewModel */,
				FA7B35521FEB3AB9007A946F /* Controller */,
				FA7B35541FEB3AB9007A946F /* Model */,
				FA7B35531FEB3AB9007A946F /* View */,
			);
			path = Home;
			sourceTree = "<group>";
		};
		FA7F98151FE948850055B157 /* Tools */ = {
			isa = PBXGroup;
			children = (
				FA7B356D1FEB435A007A946F /* Extension */,
				FA7B35721FEB4B98007A946F /* Common.swift */,
				FA860A371FF5216700E1EB45 /* HGNetworkTools.swift */,
			);
			path = Tools;
			sourceTree = "<group>";
		};
		FA7F98161FE948850055B157 /* Follow */ = {
			isa = PBXGroup;
			children = (
				FA7B35681FEB3B5C007A946F /* Controller */,
				FA7B35671FEB3B5C007A946F /* Model */,
				FA7B35661FEB3B5C007A946F /* View */,
			);
			path = Follow;
			sourceTree = "<group>";
		};
		FA7F98171FE948850055B157 /* Profile */ = {
			isa = PBXGroup;
			children = (
				FA7B35611FEB3B4F007A946F /* Controller */,
				FA7B35631FEB3B4F007A946F /* Model */,
				FA7B35641FEB3B4F007A946F /* View */,
			);
			path = Profile;
			sourceTree = "<group>";
		};
		FA7F98181FE948850055B157 /* Live */ = {
			isa = PBXGroup;
			children = (
				FA7B35571FEB3B35007A946F /* Controller */,
				FA7B35591FEB3B35007A946F /* Model */,
				FA7B355A1FEB3B35007A946F /* View */,
			);
			path = Live;
			sourceTree = "<group>";
		};
		FA7F98191FE948850055B157 /* Main */ = {
			isa = PBXGroup;
			children = (
				FA7B354D1FEB3A91007A946F /* Controller */,
				FA7B354C1FEB3A90007A946F /* Model */,
				FA7B354B1FEB3A90007A946F /* View */,
			);
			path = Main;
			sourceTree = "<group>";
		};
		FAFD95751FE1521D00F0BBD9 = {
			isa = PBXGroup;
			children = (
				FAFD95801FE1521D00F0BBD9 /* HG_DUZB */,
				FAFD957F1FE1521D00F0BBD9 /* Products */,
				22A36C0FA4D100A0D24B926D /* Pods */,
				A142D7121AB582D88E514C47 /* Frameworks */,
			);
			sourceTree = "<group>";
		};
		FAFD957F1FE1521D00F0BBD9 /* Products */ = {
			isa = PBXGroup;
			children = (
				FAFD957E1FE1521D00F0BBD9 /* HG_DUZB.app */,
			);
			name = Products;
			sourceTree = "<group>";
		};
		FAFD95801FE1521D00F0BBD9 /* HG_DUZB */ = {
			isa = PBXGroup;
			children = (
				FA7F98131FE948850055B157 /* Classes */,
				FAFD95811FE1521D00F0BBD9 /* AppDelegate.swift */,
				FAFD95881FE1521D00F0BBD9 /* Assets.xcassets */,
				FAFD958A1FE1521D00F0BBD9 /* LaunchScreen.storyboard */,
				FAFD958D1FE1521D00F0BBD9 /* Info.plist */,
			);
			path = HG_DUZB;
			sourceTree = "<group>";
		};
/* End PBXGroup section */

/* Begin PBXNativeTarget section */
		FAFD957D1FE1521D00F0BBD9 /* HG_DUZB */ = {
			isa = PBXNativeTarget;
			buildConfigurationList = FAFD95901FE1521D00F0BBD9 /* Build configuration list for PBXNativeTarget "HG_DUZB" */;
			buildPhases = (
				13F25B876947BFE3C1AD7856 /* [CP] Check Pods Manifest.lock */,
				FAFD957A1FE1521D00F0BBD9 /* Sources */,
				FAFD957B1FE1521D00F0BBD9 /* Frameworks */,
				FAFD957C1FE1521D00F0BBD9 /* Resources */,
				ABBF572D2C1E65AB9D6ABD48 /* [CP] Embed Pods Frameworks */,
				A1E65C6E6D4184A64AB2E6AB /* [CP] Copy Pods Resources */,
			);
			buildRules = (
			);
			dependencies = (
			);
			name = HG_DUZB;
			productName = HG_DUZB;
			productReference = FAFD957E1FE1521D00F0BBD9 /* HG_DUZB.app */;
			productType = "com.apple.product-type.application";
		};
/* End PBXNativeTarget section */

/* Begin PBXProject section */
		FAFD95761FE1521D00F0BBD9 /* Project object */ = {
			isa = PBXProject;
			attributes = {
				CLASSPREFIX = HG;
				LastSwiftUpdateCheck = 0910;
				LastUpgradeCheck = 0910;
				ORGANIZATIONNAME = "day-day-Smile";
				TargetAttributes = {
					FAFD957D1FE1521D00F0BBD9 = {
						CreatedOnToolsVersion = 9.1;
						ProvisioningStyle = Automatic;
					};
				};
			};
			buildConfigurationList = FAFD95791FE1521D00F0BBD9 /* Build configuration list for PBXProject "HG_DUZB" */;
			compatibilityVersion = "Xcode 8.0";
			developmentRegion = en;
			hasScannedForEncodings = 0;
			knownRegions = (
				en,
				Base,
			);
			mainGroup = FAFD95751FE1521D00F0BBD9;
			productRefGroup = FAFD957F1FE1521D00F0BBD9 /* Products */;
			projectDirPath = "";
			projectRoot = "";
			targets = (
				FAFD957D1FE1521D00F0BBD9 /* HG_DUZB */,
			);
		};
/* End PBXProject section */

/* Begin PBXResourcesBuildPhase section */
		FAFD957C1FE1521D00F0BBD9 /* Resources */ = {
			isa = PBXResourcesBuildPhase;
			buildActionMask = 2147483647;
			files = (
				FA860A0E1FF3777500E1EB45 /* HGCollectionHeaderView.xib in Resources */,
				FAFD958C1FE1521D00F0BBD9 /* LaunchScreen.storyboard in Resources */,
				FA860A161FF4825600E1EB45 /* HGPrettyCell.xib in Resources */,
				FAFD95891FE1521D00F0BBD9 /* Assets.xcassets in Resources */,
				FA860A121FF37D5700E1EB45 /* HGCollectionNormalCell.xib in Resources */,
			);
			runOnlyForDeploymentPostprocessing = 0;
		};
/* End PBXResourcesBuildPhase section */

/* Begin PBXShellScriptBuildPhase section */
		13F25B876947BFE3C1AD7856 /* [CP] Check Pods Manifest.lock */ = {
			isa = PBXShellScriptBuildPhase;
			buildActionMask = 2147483647;
			files = (
			);
			inputPaths = (
				"${PODS_PODFILE_DIR_PATH}/Podfile.lock",
				"${PODS_ROOT}/Manifest.lock",
			);
			name = "[CP] Check Pods Manifest.lock";
			outputPaths = (
				"$(DERIVED_FILE_DIR)/Pods-HG_DUZB-checkManifestLockResult.txt",
			);
			runOnlyForDeploymentPostprocessing = 0;
			shellPath = /bin/sh;
			shellScript = "diff \"${PODS_PODFILE_DIR_PATH}/Podfile.lock\" \"${PODS_ROOT}/Manifest.lock\" > /dev/null\nif [ $? != 0 ] ; then\n    # print error to STDERR\n    echo \"error: The sandbox is not in sync with the Podfile.lock. Run 'pod install' or update your CocoaPods installation.\" >&2\n    exit 1\nfi\n# This output is used by Xcode 'outputs' to avoid re-running this script phase.\necho \"SUCCESS\" > \"${SCRIPT_OUTPUT_FILE_0}\"\n";
			showEnvVarsInLog = 0;
		};
		A1E65C6E6D4184A64AB2E6AB /* [CP] Copy Pods Resources */ = {
			isa = PBXShellScriptBuildPhase;
			buildActionMask = 2147483647;
			files = (
			);
			inputPaths = (
			);
			name = "[CP] Copy Pods Resources";
			outputPaths = (
			);
			runOnlyForDeploymentPostprocessing = 0;
			shellPath = /bin/sh;
			shellScript = "\"${SRCROOT}/Pods/Target Support Files/Pods-HG_DUZB/Pods-HG_DUZB-resources.sh\"\n";
			showEnvVarsInLog = 0;
		};
		ABBF572D2C1E65AB9D6ABD48 /* [CP] Embed Pods Frameworks */ = {
			isa = PBXShellScriptBuildPhase;
			buildActionMask = 2147483647;
			files = (
			);
			inputPaths = (
				"${SRCROOT}/Pods/Target Support Files/Pods-HG_DUZB/Pods-HG_DUZB-frameworks.sh",
				"${BUILT_PRODUCTS_DIR}/Alamofire/Alamofire.framework",
				"${BUILT_PRODUCTS_DIR}/Kingfisher/Kingfisher.framework",
			);
			name = "[CP] Embed Pods Frameworks";
			outputPaths = (
				"${TARGET_BUILD_DIR}/${FRAMEWORKS_FOLDER_PATH}/Alamofire.framework",
				"${TARGET_BUILD_DIR}/${FRAMEWORKS_FOLDER_PATH}/Kingfisher.framework",
			);
			runOnlyForDeploymentPostprocessing = 0;
			shellPath = /bin/sh;
			shellScript = "\"${SRCROOT}/Pods/Target Support Files/Pods-HG_DUZB/Pods-HG_DUZB-frameworks.sh\"\n";
			showEnvVarsInLog = 0;
		};
/* End PBXShellScriptBuildPhase section */

/* Begin PBXSourcesBuildPhase section */
		FAFD957A1FE1521D00F0BBD9 /* Sources */ = {
			isa = PBXSourcesBuildPhase;
			buildActionMask = 2147483647;
			files = (
				FA7B356F1FEB43B8007A946F /* UIBarButtonItem+Extension.swift in Sources */,
				FA7B35711FEB49B0007A946F /* HGPageTitleView.swift in Sources */,
				FA3732391FF5285E00BB2ACC /* HGRecommentViewModel.swift in Sources */,
				FA860A111FF37D5700E1EB45 /* HGCollectionNormalCell.swift in Sources */,
				FA7B356A1FEB3B5C007A946F /* HGFollowController.swift in Sources */,
				FA860A151FF4825600E1EB45 /* HGPrettyCell.swift in Sources */,
				FAB5104D1FEC8E3C00E8CB83 /* UIColor+Extension.swift in Sources */,
				FA7B356C1FEB3BF5007A946F /* HGProfileController.swift in Sources */,
				FA7B35501FEB3A91007A946F /* HGNavigationController.swift in Sources */,
				FA37323F1FF5E82200BB2ACC /* HGAnchorModel.swift in Sources */,
				FA37323D1FF5311700BB2ACC /* HGAnchorGroup.swift in Sources */,
				FAD7AD5A1FFC7FCE0010DFE1 /* HGBaseCell.swift in Sources */,
				FA7B35561FEB3B23007A946F /* HGHomeController.swift in Sources */,
				FA860A0A1FF3274400E1EB45 /* HGRecommendController.swift in Sources */,
				FA7B35511FEB3A91007A946F /* HGTabBarController.swift in Sources */,
				FA860A381FF5216800E1EB45 /* HGNetworkTools.swift in Sources */,
				FA7B355B1FEB3B35007A946F /* HGLiveController.swift in Sources */,
				FA37323B1FF52CE400BB2ACC /* NSDate+Extension.swift in Sources */,
				FA860A0D1FF3777500E1EB45 /* HGCollectionHeaderView.swift in Sources */,
				FA7B35731FEB4B98007A946F /* Common.swift in Sources */,
				FAB5104B1FEC8AF700E8CB83 /* HGPageContentView.swift in Sources */,
				FAFD95821FE1521D00F0BBD9 /* AppDelegate.swift in Sources */,
			);
			runOnlyForDeploymentPostprocessing = 0;
		};
/* End PBXSourcesBuildPhase section */

/* Begin PBXVariantGroup section */
		FAFD958A1FE1521D00F0BBD9 /* LaunchScreen.storyboard */ = {
			isa = PBXVariantGroup;
			children = (
				FAFD958B1FE1521D00F0BBD9 /* Base */,
			);
			name = LaunchScreen.storyboard;
			sourceTree = "<group>";
		};
/* End PBXVariantGroup section */

/* Begin XCBuildConfiguration section */
		FAFD958E1FE1521D00F0BBD9 /* Debug */ = {
			isa = XCBuildConfiguration;
			buildSettings = {
				ALWAYS_SEARCH_USER_PATHS = NO;
				CLANG_ANALYZER_NONNULL = YES;
				CLANG_ANALYZER_NUMBER_OBJECT_CONVERSION = YES_AGGRESSIVE;
				CLANG_CXX_LANGUAGE_STANDARD = "gnu++14";
				CLANG_CXX_LIBRARY = "libc++";
				CLANG_ENABLE_MODULES = YES;
				CLANG_ENABLE_OBJC_ARC = YES;
				CLANG_WARN_BLOCK_CAPTURE_AUTORELEASING = YES;
				CLANG_WARN_BOOL_CONVERSION = YES;
				CLANG_WARN_COMMA = YES;
				CLANG_WARN_CONSTANT_CONVERSION = YES;
				CLANG_WARN_DIRECT_OBJC_ISA_USAGE = YES_ERROR;
				CLANG_WARN_DOCUMENTATION_COMMENTS = YES;
				CLANG_WARN_EMPTY_BODY = YES;
				CLANG_WARN_ENUM_CONVERSION = YES;
				CLANG_WARN_INFINITE_RECURSION = YES;
				CLANG_WARN_INT_CONVERSION = YES;
				CLANG_WARN_NON_LITERAL_NULL_CONVERSION = YES;
				CLANG_WARN_OBJC_LITERAL_CONVERSION = YES;
				CLANG_WARN_OBJC_ROOT_CLASS = YES_ERROR;
				CLANG_WARN_RANGE_LOOP_ANALYSIS = YES;
				CLANG_WARN_STRICT_PROTOTYPES = YES;
				CLANG_WARN_SUSPICIOUS_MOVE = YES;
				CLANG_WARN_UNGUARDED_AVAILABILITY = YES_AGGRESSIVE;
				CLANG_WARN_UNREACHABLE_CODE = YES;
				CLANG_WARN__DUPLICATE_METHOD_MATCH = YES;
				CODE_SIGN_IDENTITY = "iPhone Developer";
				COPY_PHASE_STRIP = NO;
				DEBUG_INFORMATION_FORMAT = dwarf;
				ENABLE_STRICT_OBJC_MSGSEND = YES;
				ENABLE_TESTABILITY = YES;
				GCC_C_LANGUAGE_STANDARD = gnu11;
				GCC_DYNAMIC_NO_PIC = NO;
				GCC_NO_COMMON_BLOCKS = YES;
				GCC_OPTIMIZATION_LEVEL = 0;
				GCC_PREPROCESSOR_DEFINITIONS = (
					"DEBUG=1",
					"$(inherited)",
				);
				GCC_WARN_64_TO_32_BIT_CONVERSION = YES;
				GCC_WARN_ABOUT_RETURN_TYPE = YES_ERROR;
				GCC_WARN_UNDECLARED_SELECTOR = YES;
				GCC_WARN_UNINITIALIZED_AUTOS = YES_AGGRESSIVE;
				GCC_WARN_UNUSED_FUNCTION = YES;
				GCC_WARN_UNUSED_VARIABLE = YES;
				IPHONEOS_DEPLOYMENT_TARGET = 9.0;
				MTL_ENABLE_DEBUG_INFO = YES;
				ONLY_ACTIVE_ARCH = YES;
				SDKROOT = iphoneos;
				SWIFT_ACTIVE_COMPILATION_CONDITIONS = DEBUG;
				SWIFT_OPTIMIZATION_LEVEL = "-Onone";
			};
			name = Debug;
		};
		FAFD958F1FE1521D00F0BBD9 /* Release */ = {
			isa = XCBuildConfiguration;
			buildSettings = {
				ALWAYS_SEARCH_USER_PATHS = NO;
				CLANG_ANALYZER_NONNULL = YES;
				CLANG_ANALYZER_NUMBER_OBJECT_CONVERSION = YES_AGGRESSIVE;
				CLANG_CXX_LANGUAGE_STANDARD = "gnu++14";
				CLANG_CXX_LIBRARY = "libc++";
				CLANG_ENABLE_MODULES = YES;
				CLANG_ENABLE_OBJC_ARC = YES;
				CLANG_WARN_BLOCK_CAPTURE_AUTORELEASING = YES;
				CLANG_WARN_BOOL_CONVERSION = YES;
				CLANG_WARN_COMMA = YES;
				CLANG_WARN_CONSTANT_CONVERSION = YES;
				CLANG_WARN_DIRECT_OBJC_ISA_USAGE = YES_ERROR;
				CLANG_WARN_DOCUMENTATION_COMMENTS = YES;
				CLANG_WARN_EMPTY_BODY = YES;
				CLANG_WARN_ENUM_CONVERSION = YES;
				CLANG_WARN_INFINITE_RECURSION = YES;
				CLANG_WARN_INT_CONVERSION = YES;
				CLANG_WARN_NON_LITERAL_NULL_CONVERSION = YES;
				CLANG_WARN_OBJC_LITERAL_CONVERSION = YES;
				CLANG_WARN_OBJC_ROOT_CLASS = YES_ERROR;
				CLANG_WARN_RANGE_LOOP_ANALYSIS = YES;
				CLANG_WARN_STRICT_PROTOTYPES = YES;
				CLANG_WARN_SUSPICIOUS_MOVE = YES;
				CLANG_WARN_UNGUARDED_AVAILABILITY = YES_AGGRESSIVE;
				CLANG_WARN_UNREACHABLE_CODE = YES;
				CLANG_WARN__DUPLICATE_METHOD_MATCH = YES;
				CODE_SIGN_IDENTITY = "iPhone Developer";
				COPY_PHASE_STRIP = NO;
				DEBUG_INFORMATION_FORMAT = "dwarf-with-dsym";
				ENABLE_NS_ASSERTIONS = NO;
				ENABLE_STRICT_OBJC_MSGSEND = YES;
				GCC_C_LANGUAGE_STANDARD = gnu11;
				GCC_NO_COMMON_BLOCKS = YES;
				GCC_WARN_64_TO_32_BIT_CONVERSION = YES;
				GCC_WARN_ABOUT_RETURN_TYPE = YES_ERROR;
				GCC_WARN_UNDECLARED_SELECTOR = YES;
				GCC_WARN_UNINITIALIZED_AUTOS = YES_AGGRESSIVE;
				GCC_WARN_UNUSED_FUNCTION = YES;
				GCC_WARN_UNUSED_VARIABLE = YES;
				IPHONEOS_DEPLOYMENT_TARGET = 9.0;
				MTL_ENABLE_DEBUG_INFO = NO;
				SDKROOT = iphoneos;
				SWIFT_OPTIMIZATION_LEVEL = "-Owholemodule";
				VALIDATE_PRODUCT = YES;
			};
			name = Release;
		};
		FAFD95911FE1521D00F0BBD9 /* Debug */ = {
			isa = XCBuildConfiguration;
			baseConfigurationReference = 113C151600EB814B43212012 /* Pods-HG_DUZB.debug.xcconfig */;
			buildSettings = {
				ASSETCATALOG_COMPILER_APPICON_NAME = AppIcon;
				ASSETCATALOG_COMPILER_LAUNCHIMAGE_NAME = LaunchImage;
				CODE_SIGN_STYLE = Automatic;
				DEVELOPMENT_TEAM = E2LSM6HGTV;
				INFOPLIST_FILE = HG_DUZB/Info.plist;
				IPHONEOS_DEPLOYMENT_TARGET = 9.0;
				LD_RUNPATH_SEARCH_PATHS = "$(inherited) @executable_path/Frameworks";
				PRODUCT_BUNDLE_IDENTIFIER = "com.smile.HG-DUZB";
				PRODUCT_NAME = "$(TARGET_NAME)";
				SWIFT_VERSION = 4.0;
				TARGETED_DEVICE_FAMILY = 1;
			};
			name = Debug;
		};
		FAFD95921FE1521D00F0BBD9 /* Release */ = {
			isa = XCBuildConfiguration;
			baseConfigurationReference = 78944910BAC0FF03F95ED7D8 /* Pods-HG_DUZB.release.xcconfig */;
			buildSettings = {
				ASSETCATALOG_COMPILER_APPICON_NAME = AppIcon;
				ASSETCATALOG_COMPILER_LAUNCHIMAGE_NAME = LaunchImage;
				CODE_SIGN_STYLE = Automatic;
				DEVELOPMENT_TEAM = E2LSM6HGTV;
				INFOPLIST_FILE = HG_DUZB/Info.plist;
				IPHONEOS_DEPLOYMENT_TARGET = 9.0;
				LD_RUNPATH_SEARCH_PATHS = "$(inherited) @executable_path/Frameworks";
				PRODUCT_BUNDLE_IDENTIFIER = "com.smile.HG-DUZB";
				PRODUCT_NAME = "$(TARGET_NAME)";
				SWIFT_VERSION = 4.0;
				TARGETED_DEVICE_FAMILY = 1;
			};
			name = Release;
		};
/* End XCBuildConfiguration section */

/* Begin XCConfigurationList section */
		FAFD95791FE1521D00F0BBD9 /* Build configuration list for PBXProject "HG_DUZB" */ = {
			isa = XCConfigurationList;
			buildConfigurations = (
				FAFD958E1FE1521D00F0BBD9 /* Debug */,
				FAFD958F1FE1521D00F0BBD9 /* Release */,
			);
			defaultConfigurationIsVisible = 0;
			defaultConfigurationName = Release;
		};
		FAFD95901FE1521D00F0BBD9 /* Build configuration list for PBXNativeTarget "HG_DUZB" */ = {
			isa = XCConfigurationList;
			buildConfigurations = (
				FAFD95911FE1521D00F0BBD9 /* Debug */,
				FAFD95921FE1521D00F0BBD9 /* Release */,
			);
			defaultConfigurationIsVisible = 0;
			defaultConfigurationName = Release;
		};
/* End XCConfigurationList section */
	};
	rootObject = FAFD95761FE1521D00F0BBD9 /* Project object */;
}
